
Microsoft Visual Studio Solution File, Format Version 12.00
# Visual Studio Version 17
VisualStudioVersion = 17.1.31903.286
MinimumVisualStudioVersion = 10.0.40219.1
Project("{00D1A9C2-B5F0-4AF3-8072-F6C62B433612}") = "SqlExample.Kodlab", "src\SqlExample.Kodlab\SqlExample.Kodlab.sqlproj", "{0AC6C854-FEBD-4A71-9CEC-E0C0885B7635}"
EndProject
Global
	GlobalSection(SolutionConfigurationPlatforms) = preSolution
		Debug|Any CPU = Debug|Any CPU
		Release|Any CPU = Release|Any CPU
	EndGlobalSection
	GlobalSection(ProjectConfigurationPlatforms) = postSolution
		{0AC6C854-FEBD-4A71-9CEC-E0C0885B7635}.Debug|Any CPU.ActiveCfg = Debug|Any CPU
		{0AC6C854-FEBD-4A71-9CEC-E0C0885B7635}.Debug|Any CPU.Build.0 = Debug|Any CPU
		{0AC6C854-FEBD-4A71-9CEC-E0C0885B7635}.Debug|Any CPU.Deploy.0 = Debug|Any CPU
		{0AC6C854-FEBD-4A71-9CEC-E0C0885B7635}.Release|Any CPU.ActiveCfg = Release|Any CPU
		{0AC6C854-FEBD-4A71-9CEC-E0C0885B7635}.Release|Any CPU.Build.0 = Release|Any CPU
		{0AC6C854-FEBD-4A71-9CEC-E0C0885B7635}.Release|Any CPU.Deploy.0 = Release|Any CPU
	EndGlobalSection
	GlobalSection(SolutionProperties) = preSolution
		HideSolutionNode = FALSE
	EndGlobalSection
	GlobalSection(ExtensibilityGlobals) = postSolution
		SolutionGuid = {C578184F-5D03-4339-BB66-71429F109FB4}
	EndGlobalSection
EndGlobal
